
Microsoft Visual Studio Solution File, Format Version 12.00
# Visual Studio 15
VisualStudioVersion = 15.0.28307.136
MinimumVisualStudioVersion = 10.0.40219.1
Project("{FAE04EC0-301F-11D3-BF4B-00C04F79EFBC}") = "numberGuesser", "numberGuesser.csproj", "{6E1294F5-40C0-45B8-85CF-4C5EC51D6356}"
EndProject
Global
	GlobalSection(SolutionConfigurationPlatforms) = preSolution
		Debug|Any CPU = Debug|Any CPU
		Release|Any CPU = Release|Any CPU
	EndGlobalSection
	GlobalSection(ProjectConfigurationPlatforms) = postSolution
		{6E1294F5-40C0-45B8-85CF-4C5EC51D6356}.Debug|Any CPU.ActiveCfg = Debug|Any CPU
		{6E1294F5-40C0-45B8-85CF-4C5EC51D6356}.Debug|Any CPU.Build.0 = Debug|Any CPU
		{6E1294F5-40C0-45B8-85CF-4C5EC51D6356}.Release|Any CPU.ActiveCfg = Release|Any CPU
		{6E1294F5-40C0-45B8-85CF-4C5EC51D6356}.Release|Any CPU.Build.0 = Release|Any CPU
	EndGlobalSection
	GlobalSection(SolutionProperties) = preSolution
		HideSolutionNode = FALSE
	EndGlobalSection
	GlobalSection(ExtensibilityGlobals) = postSolution
		SolutionGuid = {F4CCB2BF-D02A-494E-8ACA-5BAA6B092E56}
	EndGlobalSection
EndGlobal
